
Microsoft Visual Studio Solution File, Format Version 12.00
# Visual Studio Version 17
VisualStudioVersion = 17.6.33815.320
MinimumVisualStudioVersion = 10.0.40219.1
Project("{FAE04EC0-301F-11D3-BF4B-00C04F79EFBC}") = "printT", "printT\printT.csproj", "{26CA4538-2A2A-4FFF-9F9C-EB5ACABCE86A}"
EndProject
Global
	GlobalSection(SolutionConfigurationPlatforms) = preSolution
		Debug|Any CPU = Debug|Any CPU
		Release|Any CPU = Release|Any CPU
	EndGlobalSection
	GlobalSection(ProjectConfigurationPlatforms) = postSolution
		{26CA4538-2A2A-4FFF-9F9C-EB5ACABCE86A}.Debug|Any CPU.ActiveCfg = Debug|Any CPU
		{26CA4538-2A2A-4FFF-9F9C-EB5ACABCE86A}.Debug|Any CPU.Build.0 = Debug|Any CPU
		{26CA4538-2A2A-4FFF-9F9C-EB5ACABCE86A}.Release|Any CPU.ActiveCfg = Release|Any CPU
		{26CA4538-2A2A-4FFF-9F9C-EB5ACABCE86A}.Release|Any CPU.Build.0 = Release|Any CPU
	EndGlobalSection
	GlobalSection(SolutionProperties) = preSolution
		HideSolutionNode = FALSE
	EndGlobalSection
	GlobalSection(ExtensibilityGlobals) = postSolution
		SolutionGuid = {2FC9F476-8B41-4789-8615-8EDC87924108}
	EndGlobalSection
EndGlobal
